// !$*UTF8*$!
{
	archiveVersion = 1;
	classes = {
	};
	objectVersion = 46;
	objects = {

/* Begin PBXBuildFile section */
		60E8CECE1F33141B003A86BA /* main.m in Sources */ = {isa = PBXBuildFile; fileRef = 60E8CECD1F33141B003A86BA /* main.m */; };
		60E8CED11F33141B003A86BA /* AppDelegate.m in Sources */ = {isa = PBXBuildFile; fileRef = 60E8CED01F33141B003A86BA /* AppDelegate.m */; };
		60E8CED71F33141B003A86BA /* Main.storyboard in Resources */ = {isa = PBXBuildFile; fileRef = 60E8CED51F33141B003A86BA /* Main.storyboard */; };
		60E8CED91F33141B003A86BA /* Assets.xcassets in Resources */ = {isa = PBXBuildFile; fileRef = 60E8CED81F33141B003A86BA /* Assets.xcassets */; };
		60E8CEDC1F33141B003A86BA /* LaunchScreen.storyboard in Resources */ = {isa = PBXBuildFile; fileRef = 60E8CEDA1F33141B003A86BA /* LaunchScreen.storyboard */; };
		60E8CEEA1F33461B003A86BA /* KYNetManager.m in Sources */ = {isa = PBXBuildFile; fileRef = 60E8CEE91F33461B003A86BA /* KYNetManager.m */; };
		60E8CEF11F341688003A86BA /* KYComicsModel.m in Sources */ = {isa = PBXBuildFile; fileRef = 60E8CEF01F341688003A86BA /* KYComicsModel.m */; };
		60E8CEF61F3446CD003A86BA /* KYHomeViewController.m in Sources */ = {isa = PBXBuildFile; fileRef = 60E8CEF51F3446CD003A86BA /* KYHomeViewController.m */; };
		60E8CEF91F3446F0003A86BA /* KYListCell.m in Sources */ = {isa = PBXBuildFile; fileRef = 60E8CEF81F3446F0003A86BA /* KYListCell.m */; };
		60E8CEFC1F344760003A86BA /* KYReadingViewController.m in Sources */ = {isa = PBXBuildFile; fileRef = 60E8CEFB1F344760003A86BA /* KYReadingViewController.m */; };
		60E96C7E1F3AA7CE001CF1BD /* KYPageCell.m in Sources */ = {isa = PBXBuildFile; fileRef = 60E96C7D1F3AA7CE001CF1BD /* KYPageCell.m */; };
		60E96C801F3AA7E1001CF1BD /* KYPageCell.xib in Resources */ = {isa = PBXBuildFile; fileRef = 60E96C7F1F3AA7E1001CF1BD /* KYPageCell.xib */; };
		60FF761B1F4181370070C2F9 /* KYNetManager+EHentai.m in Sources */ = {isa = PBXBuildFile; fileRef = 60FF761A1F4181370070C2F9 /* KYNetManager+EHentai.m */; };
		A2B7AA26785938AEFF1DAC78 /* libPods-Kycomics.a in Frameworks */ = {isa = PBXBuildFile; fileRef = DBF6AE05EC7F353B953220B7 /* libPods-Kycomics.a */; };
/* End PBXBuildFile section */

/* Begin PBXFileReference section */
		1B2E4667FB73479A8820B88A /* Pods-Kycomics.release.xcconfig */ = {isa = PBXFileReference; includeInIndex = 1; lastKnownFileType = text.xcconfig; name = "Pods-Kycomics.release.xcconfig"; path = "Pods/Target Support Files/Pods-Kycomics/Pods-Kycomics.release.xcconfig"; sourceTree = "<group>"; };
		444B4327CA57694E1CB6E200 /* Pods-Kycomics.debug.xcconfig */ = {isa = PBXFileReference; includeInIndex = 1; lastKnownFileType = text.xcconfig; name = "Pods-Kycomics.debug.xcconfig"; path = "Pods/Target Support Files/Pods-Kycomics/Pods-Kycomics.debug.xcconfig"; sourceTree = "<group>"; };
		60E8CEC91F33141B003A86BA /* Kycomics.app */ = {isa = PBXFileReference; explicitFileType = wrapper.application; includeInIndex = 0; path = Kycomics.app; sourceTree = BUILT_PRODUCTS_DIR; };
		60E8CECD1F33141B003A86BA /* main.m */ = {isa = PBXFileReference; lastKnownFileType = sourcecode.c.objc; path = main.m; sourceTree = "<group>"; };
		60E8CECF1F33141B003A86BA /* AppDelegate.h */ = {isa = PBXFileReference; lastKnownFileType = sourcecode.c.h; path = AppDelegate.h; sourceTree = "<group>"; };
		60E8CED01F33141B003A86BA /* AppDelegate.m */ = {isa = PBXFileReference; lastKnownFileType = sourcecode.c.objc; path = AppDelegate.m; sourceTree = "<group>"; };
		60E8CED61F33141B003A86BA /* Base */ = {isa = PBXFileReference; lastKnownFileType = file.storyboard; name = Base; path = Base.lproj/Main.storyboard; sourceTree = "<group>"; };
		60E8CED81F33141B003A86BA /* Assets.xcassets */ = {isa = PBXFileReference; lastKnownFileType = folder.assetcatalog; path = Assets.xcassets; sourceTree = "<group>"; };
		60E8CEDB1F33141B003A86BA /* Base */ = {isa = PBXFileReference; lastKnownFileType = file.storyboard; name = Base; path = Base.lproj/LaunchScreen.storyboard; sourceTree = "<group>"; };
		60E8CEDD1F33141B003A86BA /* Info.plist */ = {isa = PBXFileReference; lastKnownFileType = text.plist.xml; path = Info.plist; sourceTree = "<group>"; };
		60E8CEE31F33239A003A86BA /* Kycomics_PrefixHeader.pch */ = {isa = PBXFileReference; lastKnownFileType = sourcecode.c.h; path = Kycomics_PrefixHeader.pch; sourceTree = "<group>"; };
		60E8CEE81F33461B003A86BA /* KYNetManager.h */ = {isa = PBXFileReference; fileEncoding = 4; lastKnownFileType = sourcecode.c.h; path = KYNetManager.h; sourceTree = "<group>"; };
		60E8CEE91F33461B003A86BA /* KYNetManager.m */ = {isa = PBXFileReference; fileEncoding = 4; lastKnownFileType = sourcecode.c.objc; path = KYNetManager.m; sourceTree = "<group>"; };
		60E8CEEF1F341688003A86BA /* KYComicsModel.h */ = {isa = PBXFileReference; fileEncoding = 4; lastKnownFileType = sourcecode.c.h; path = KYComicsModel.h; sourceTree = "<group>"; };
		60E8CEF01F341688003A86BA /* KYComicsModel.m */ = {isa = PBXFileReference; fileEncoding = 4; lastKnownFileType = sourcecode.c.objc; path = KYComicsModel.m; sourceTree = "<group>"; };
		60E8CEF41F3446CD003A86BA /* KYHomeViewController.h */ = {isa = PBXFileReference; fileEncoding = 4; lastKnownFileType = sourcecode.c.h; path = KYHomeViewController.h; sourceTree = "<group>"; };
		60E8CEF51F3446CD003A86BA /* KYHomeViewController.m */ = {isa = PBXFileReference; fileEncoding = 4; lastKnownFileType = sourcecode.c.objc; path = KYHomeViewController.m; sourceTree = "<group>"; };
		60E8CEF71F3446F0003A86BA /* KYListCell.h */ = {isa = PBXFileReference; fileEncoding = 4; lastKnownFileType = sourcecode.c.h; path = KYListCell.h; sourceTree = "<group>"; };
		60E8CEF81F3446F0003A86BA /* KYListCell.m */ = {isa = PBXFileReference; fileEncoding = 4; lastKnownFileType = sourcecode.c.objc; path = KYListCell.m; sourceTree = "<group>"; };
		60E8CEFA1F344760003A86BA /* KYReadingViewController.h */ = {isa = PBXFileReference; fileEncoding = 4; lastKnownFileType = sourcecode.c.h; path = KYReadingViewController.h; sourceTree = "<group>"; };
		60E8CEFB1F344760003A86BA /* KYReadingViewController.m */ = {isa = PBXFileReference; fileEncoding = 4; lastKnownFileType = sourcecode.c.objc; path = KYReadingViewController.m; sourceTree = "<group>"; };
		60E96C7C1F3AA7CE001CF1BD /* KYPageCell.h */ = {isa = PBXFileReference; fileEncoding = 4; lastKnownFileType = sourcecode.c.h; path = KYPageCell.h; sourceTree = "<group>"; };
		60E96C7D1F3AA7CE001CF1BD /* KYPageCell.m */ = {isa = PBXFileReference; fileEncoding = 4; lastKnownFileType = sourcecode.c.objc; path = KYPageCell.m; sourceTree = "<group>"; };
		60E96C7F1F3AA7E1001CF1BD /* KYPageCell.xib */ = {isa = PBXFileReference; fileEncoding = 4; lastKnownFileType = file.xib; path = KYPageCell.xib; sourceTree = "<group>"; };
		60FF76191F4181370070C2F9 /* KYNetManager+EHentai.h */ = {isa = PBXFileReference; fileEncoding = 4; lastKnownFileType = sourcecode.c.h; path = "KYNetManager+EHentai.h"; sourceTree = "<group>"; };
		60FF761A1F4181370070C2F9 /* KYNetManager+EHentai.m */ = {isa = PBXFileReference; fileEncoding = 4; lastKnownFileType = sourcecode.c.objc; path = "KYNetManager+EHentai.m"; sourceTree = "<group>"; };
		DBF6AE05EC7F353B953220B7 /* libPods-Kycomics.a */ = {isa = PBXFileReference; explicitFileType = archive.ar; includeInIndex = 0; path = "libPods-Kycomics.a"; sourceTree = BUILT_PRODUCTS_DIR; };
/* End PBXFileReference section */

/* Begin PBXFrameworksBuildPhase section */
		60E8CEC61F33141B003A86BA /* Frameworks */ = {
			isa = PBXFrameworksBuildPhase;
			buildActionMask = 2147483647;
			files = (
				A2B7AA26785938AEFF1DAC78 /* libPods-Kycomics.a in Frameworks */,
			);
			runOnlyForDeploymentPostprocessing = 0;
		};
/* End PBXFrameworksBuildPhase section */

/* Begin PBXGroup section */
		60E8CEC01F33141B003A86BA = {
			isa = PBXGroup;
			children = (
				60E8CECB1F33141B003A86BA /* Kycomics */,
				60E8CECA1F33141B003A86BA /* Products */,
				68B6444B08EB8B9D91E3D0A7 /* Pods */,
				C5D08FCF8ECCFC078789A645 /* Frameworks */,
			);
			sourceTree = "<group>";
		};
		60E8CECA1F33141B003A86BA /* Products */ = {
			isa = PBXGroup;
			children = (
				60E8CEC91F33141B003A86BA /* Kycomics.app */,
			);
			name = Products;
			sourceTree = "<group>";
		};
		60E8CECB1F33141B003A86BA /* Kycomics */ = {
			isa = PBXGroup;
			children = (
				60E8CEF31F344666003A86BA /* 主页 */,
				60E8CEEE1F341644003A86BA /* Models */,
				60E8CEE41F334575003A86BA /* NetTools */,
				60E96C7C1F3AA7CE001CF1BD /* KYPageCell.h */,
				60E96C7D1F3AA7CE001CF1BD /* KYPageCell.m */,
				60E96C7F1F3AA7E1001CF1BD /* KYPageCell.xib */,
				60E8CEFA1F344760003A86BA /* KYReadingViewController.h */,
				60E8CEFB1F344760003A86BA /* KYReadingViewController.m */,
				60E8CECF1F33141B003A86BA /* AppDelegate.h */,
				60E8CED01F33141B003A86BA /* AppDelegate.m */,
				60E8CED51F33141B003A86BA /* Main.storyboard */,
				60E8CED81F33141B003A86BA /* Assets.xcassets */,
				60E8CEDA1F33141B003A86BA /* LaunchScreen.storyboard */,
				60E8CEDD1F33141B003A86BA /* Info.plist */,
				60E8CECC1F33141B003A86BA /* Supporting Files */,
			);
			path = Kycomics;
			sourceTree = "<group>";
		};
		60E8CECC1F33141B003A86BA /* Supporting Files */ = {
			isa = PBXGroup;
			children = (
				60E8CECD1F33141B003A86BA /* main.m */,
				60E8CEE31F33239A003A86BA /* Kycomics_PrefixHeader.pch */,
			);
			name = "Supporting Files";
			sourceTree = "<group>";
		};
		60E8CEE41F334575003A86BA /* NetTools */ = {
			isa = PBXGroup;
			children = (
				60E8CEE81F33461B003A86BA /* KYNetManager.h */,
				60E8CEE91F33461B003A86BA /* KYNetManager.m */,
				60FF76191F4181370070C2F9 /* KYNetManager+EHentai.h */,
				60FF761A1F4181370070C2F9 /* KYNetManager+EHentai.m */,
			);
			path = NetTools;
			sourceTree = "<group>";
		};
		60E8CEEE1F341644003A86BA /* Models */ = {
			isa = PBXGroup;
			children = (
				60E8CEEF1F341688003A86BA /* KYComicsModel.h */,
				60E8CEF01F341688003A86BA /* KYComicsModel.m */,
			);
			path = Models;
			sourceTree = "<group>";
		};
		60E8CEF31F344666003A86BA /* 主页 */ = {
			isa = PBXGroup;
			children = (
				60E8CEF71F3446F0003A86BA /* KYListCell.h */,
				60E8CEF81F3446F0003A86BA /* KYListCell.m */,
				60E8CEF41F3446CD003A86BA /* KYHomeViewController.h */,
				60E8CEF51F3446CD003A86BA /* KYHomeViewController.m */,
			);
			path = "主页";
			sourceTree = "<group>";
		};
		68B6444B08EB8B9D91E3D0A7 /* Pods */ = {
			isa = PBXGroup;
			children = (
				444B4327CA57694E1CB6E200 /* Pods-Kycomics.debug.xcconfig */,
				1B2E4667FB73479A8820B88A /* Pods-Kycomics.release.xcconfig */,
			);
			name = Pods;
			sourceTree = "<group>";
		};
		C5D08FCF8ECCFC078789A645 /* Frameworks */ = {
			isa = PBXGroup;
			children = (
				DBF6AE05EC7F353B953220B7 /* libPods-Kycomics.a */,
			);
			name = Frameworks;
			sourceTree = "<group>";
		};
/* End PBXGroup section */

/* Begin PBXNativeTarget section */
		60E8CEC81F33141B003A86BA /* Kycomics */ = {
			isa = PBXNativeTarget;
			buildConfigurationList = 60E8CEE01F33141B003A86BA /* Build configuration list for PBXNativeTarget "Kycomics" */;
			buildPhases = (
				6DB6596998CD970EB5A3FCD3 /* [CP] Check Pods Manifest.lock */,
				60E8CEC51F33141B003A86BA /* Sources */,
				60E8CEC61F33141B003A86BA /* Frameworks */,
				60E8CEC71F33141B003A86BA /* Resources */,
				684FDD355012BD769E176976 /* [CP] Embed Pods Frameworks */,
				478C9D95F913958999044426 /* [CP] Copy Pods Resources */,
			);
			buildRules = (
			);
			dependencies = (
			);
			name = Kycomics;
			productName = Kycomics;
			productReference = 60E8CEC91F33141B003A86BA /* Kycomics.app */;
			productType = "com.apple.product-type.application";
		};
/* End PBXNativeTarget section */

/* Begin PBXProject section */
		60E8CEC11F33141B003A86BA /* Project object */ = {
			isa = PBXProject;
			attributes = {
				CLASSPREFIX = KY;
				LastUpgradeCheck = 0830;
				ORGANIZATIONNAME = kcvly;
				TargetAttributes = {
					60E8CEC81F33141B003A86BA = {
						CreatedOnToolsVersion = 8.3.3;
						ProvisioningStyle = Automatic;
					};
				};
			};
			buildConfigurationList = 60E8CEC41F33141B003A86BA /* Build configuration list for PBXProject "Kycomics" */;
			compatibilityVersion = "Xcode 3.2";
			developmentRegion = English;
			hasScannedForEncodings = 0;
			knownRegions = (
				en,
				Base,
			);
			mainGroup = 60E8CEC01F33141B003A86BA;
			productRefGroup = 60E8CECA1F33141B003A86BA /* Products */;
			projectDirPath = "";
			projectRoot = "";
			targets = (
				60E8CEC81F33141B003A86BA /* Kycomics */,
			);
		};
/* End PBXProject section */

/* Begin PBXResourcesBuildPhase section */
		60E8CEC71F33141B003A86BA /* Resources */ = {
			isa = PBXResourcesBuildPhase;
			buildActionMask = 2147483647;
			files = (
				60E96C801F3AA7E1001CF1BD /* KYPageCell.xib in Resources */,
				60E8CEDC1F33141B003A86BA /* LaunchScreen.storyboard in Resources */,
				60E8CED91F33141B003A86BA /* Assets.xcassets in Resources */,
				60E8CED71F33141B003A86BA /* Main.storyboard in Resources */,
			);
			runOnlyForDeploymentPostprocessing = 0;
		};
/* End PBXResourcesBuildPhase section */

/* Begin PBXShellScriptBuildPhase section */
		478C9D95F913958999044426 /* [CP] Copy Pods Resources */ = {
			isa = PBXShellScriptBuildPhase;
			buildActionMask = 2147483647;
			files = (
			);
			inputPaths = (
			);
			name = "[CP] Copy Pods Resources";
			outputPaths = (
			);
			runOnlyForDeploymentPostprocessing = 0;
			shellPath = /bin/sh;
			shellScript = "\"${SRCROOT}/Pods/Target Support Files/Pods-Kycomics/Pods-Kycomics-resources.sh\"\n";
			showEnvVarsInLog = 0;
		};
		684FDD355012BD769E176976 /* [CP] Embed Pods Frameworks */ = {
			isa = PBXShellScriptBuildPhase;
			buildActionMask = 2147483647;
			files = (
			);
			inputPaths = (
			);
			name = "[CP] Embed Pods Frameworks";
			outputPaths = (
			);
			runOnlyForDeploymentPostprocessing = 0;
			shellPath = /bin/sh;
			shellScript = "\"${SRCROOT}/Pods/Target Support Files/Pods-Kycomics/Pods-Kycomics-frameworks.sh\"\n";
			showEnvVarsInLog = 0;
		};
		6DB6596998CD970EB5A3FCD3 /* [CP] Check Pods Manifest.lock */ = {
			isa = PBXShellScriptBuildPhase;
			buildActionMask = 2147483647;
			files = (
			);
			inputPaths = (
			);
			name = "[CP] Check Pods Manifest.lock";
			outputPaths = (
			);
			runOnlyForDeploymentPostprocessing = 0;
			shellPath = /bin/sh;
			shellScript = "diff \"${PODS_ROOT}/../Podfile.lock\" \"${PODS_ROOT}/Manifest.lock\" > /dev/null\nif [ $? != 0 ] ; then\n    # print error to STDERR\n    echo \"error: The sandbox is not in sync with the Podfile.lock. Run 'pod install' or update your CocoaPods installation.\" >&2\n    exit 1\nfi\n";
			showEnvVarsInLog = 0;
		};
/* End PBXShellScriptBuildPhase section */

/* Begin PBXSourcesBuildPhase section */
		60E8CEC51F33141B003A86BA /* Sources */ = {
			isa = PBXSourcesBuildPhase;
			buildActionMask = 2147483647;
			files = (
				60E96C7E1F3AA7CE001CF1BD /* KYPageCell.m in Sources */,
				60E8CED11F33141B003A86BA /* AppDelegate.m in Sources */,
				60E8CEFC1F344760003A86BA /* KYReadingViewController.m in Sources */,
				60E8CEF91F3446F0003A86BA /* KYListCell.m in Sources */,
				60E8CEEA1F33461B003A86BA /* KYNetManager.m in Sources */,
				60FF761B1F4181370070C2F9 /* KYNetManager+EHentai.m in Sources */,
				60E8CEF61F3446CD003A86BA /* KYHomeViewController.m in Sources */,
				60E8CECE1F33141B003A86BA /* main.m in Sources */,
				60E8CEF11F341688003A86BA /* KYComicsModel.m in Sources */,
			);
			runOnlyForDeploymentPostprocessing = 0;
		};
/* End PBXSourcesBuildPhase section */

/* Begin PBXVariantGroup section */
		60E8CED51F33141B003A86BA /* Main.storyboard */ = {
			isa = PBXVariantGroup;
			children = (
				60E8CED61F33141B003A86BA /* Base */,
			);
			name = Main.storyboard;
			sourceTree = "<group>";
		};
		60E8CEDA1F33141B003A86BA /* LaunchScreen.storyboard */ = {
			isa = PBXVariantGroup;
			children = (
				60E8CEDB1F33141B003A86BA /* Base */,
			);
			name = LaunchScreen.storyboard;
			sourceTree = "<group>";
		};
/* End PBXVariantGroup section */

/* Begin XCBuildConfiguration section */
		60E8CEDE1F33141B003A86BA /* Debug */ = {
			isa = XCBuildConfiguration;
			buildSettings = {
				ALWAYS_SEARCH_USER_PATHS = NO;
				CLANG_ANALYZER_NONNULL = YES;
				CLANG_ANALYZER_NUMBER_OBJECT_CONVERSION = YES_AGGRESSIVE;
				CLANG_CXX_LANGUAGE_STANDARD = "gnu++0x";
				CLANG_CXX_LIBRARY = "libc++";
				CLANG_ENABLE_MODULES = YES;
				CLANG_ENABLE_OBJC_ARC = YES;
				CLANG_WARN_BOOL_CONVERSION = YES;
				CLANG_WARN_CONSTANT_CONVERSION = YES;
				CLANG_WARN_DIRECT_OBJC_ISA_USAGE = YES_ERROR;
				CLANG_WARN_DOCUMENTATION_COMMENTS = YES;
				CLANG_WARN_EMPTY_BODY = YES;
				CLANG_WARN_ENUM_CONVERSION = YES;
				CLANG_WARN_INFINITE_RECURSION = YES;
				CLANG_WARN_INT_CONVERSION = YES;
				CLANG_WARN_OBJC_ROOT_CLASS = YES_ERROR;
				CLANG_WARN_SUSPICIOUS_MOVE = YES;
				CLANG_WARN_UNREACHABLE_CODE = YES;
				CLANG_WARN__DUPLICATE_METHOD_MATCH = YES;
				"CODE_SIGN_IDENTITY[sdk=iphoneos*]" = "iPhone Developer";
				COPY_PHASE_STRIP = NO;
				DEBUG_INFORMATION_FORMAT = dwarf;
				ENABLE_STRICT_OBJC_MSGSEND = YES;
				ENABLE_TESTABILITY = YES;
				GCC_C_LANGUAGE_STANDARD = gnu99;
				GCC_DYNAMIC_NO_PIC = NO;
				GCC_NO_COMMON_BLOCKS = YES;
				GCC_OPTIMIZATION_LEVEL = 0;
				GCC_PREPROCESSOR_DEFINITIONS = (
					"DEBUG=1",
					"$(inherited)",
				);
				GCC_WARN_64_TO_32_BIT_CONVERSION = YES;
				GCC_WARN_ABOUT_RETURN_TYPE = YES_ERROR;
				GCC_WARN_UNDECLARED_SELECTOR = YES;
				GCC_WARN_UNINITIALIZED_AUTOS = YES_AGGRESSIVE;
				GCC_WARN_UNUSED_FUNCTION = YES;
				GCC_WARN_UNUSED_VARIABLE = YES;
				IPHONEOS_DEPLOYMENT_TARGET = 8.0;
				MTL_ENABLE_DEBUG_INFO = YES;
				ONLY_ACTIVE_ARCH = YES;
				SDKROOT = iphoneos;
			};
			name = Debug;
		};
		60E8CEDF1F33141B003A86BA /* Release */ = {
			isa = XCBuildConfiguration;
			buildSettings = {
				ALWAYS_SEARCH_USER_PATHS = NO;
				CLANG_ANALYZER_NONNULL = YES;
				CLANG_ANALYZER_NUMBER_OBJECT_CONVERSION = YES_AGGRESSIVE;
				CLANG_CXX_LANGUAGE_STANDARD = "gnu++0x";
				CLANG_CXX_LIBRARY = "libc++";
				CLANG_ENABLE_MODULES = YES;
				CLANG_ENABLE_OBJC_ARC = YES;
				CLANG_WARN_BOOL_CONVERSION = YES;
				CLANG_WARN_CONSTANT_CONVERSION = YES;
				CLANG_WARN_DIRECT_OBJC_ISA_USAGE = YES_ERROR;
				CLANG_WARN_DOCUMENTATION_COMMENTS = YES;
				CLANG_WARN_EMPTY_BODY = YES;
				CLANG_WARN_ENUM_CONVERSION = YES;
				CLANG_WARN_INFINITE_RECURSION = YES;
				CLANG_WARN_INT_CONVERSION = YES;
				CLANG_WARN_OBJC_ROOT_CLASS = YES_ERROR;
				CLANG_WARN_SUSPICIOUS_MOVE = YES;
				CLANG_WARN_UNREACHABLE_CODE = YES;
				CLANG_WARN__DUPLICATE_METHOD_MATCH = YES;
				"CODE_SIGN_IDENTITY[sdk=iphoneos*]" = "iPhone Developer";
				COPY_PHASE_STRIP = NO;
				DEBUG_INFORMATION_FORMAT = "dwarf-with-dsym";
				ENABLE_NS_ASSERTIONS = NO;
				ENABLE_STRICT_OBJC_MSGSEND = YES;
				GCC_C_LANGUAGE_STANDARD = gnu99;
				GCC_NO_COMMON_BLOCKS = YES;
				GCC_WARN_64_TO_32_BIT_CONVERSION = YES;
				GCC_WARN_ABOUT_RETURN_TYPE = YES_ERROR;
				GCC_WARN_UNDECLARED_SELECTOR = YES;
				GCC_WARN_UNINITIALIZED_AUTOS = YES_AGGRESSIVE;
				GCC_WARN_UNUSED_FUNCTION = YES;
				GCC_WARN_UNUSED_VARIABLE = YES;
				IPHONEOS_DEPLOYMENT_TARGET = 8.0;
				MTL_ENABLE_DEBUG_INFO = NO;
				SDKROOT = iphoneos;
				VALIDATE_PRODUCT = YES;
			};
			name = Release;
		};
		60E8CEE11F33141B003A86BA /* Debug */ = {
			isa = XCBuildConfiguration;
			baseConfigurationReference = 444B4327CA57694E1CB6E200 /* Pods-Kycomics.debug.xcconfig */;
			buildSettings = {
				ASSETCATALOG_COMPILER_APPICON_NAME = AppIcon;
				GCC_INCREASE_PRECOMPILED_HEADER_SHARING = NO;
				GCC_PREFIX_HEADER = "$(SRCROOT)/Kycomics/Kycomics_PrefixHeader.pch";
				INFOPLIST_FILE = Kycomics/Info.plist;
				IPHONEOS_DEPLOYMENT_TARGET = 8.0;
				LD_RUNPATH_SEARCH_PATHS = "$(inherited) @executable_path/Frameworks";
				PRODUCT_BUNDLE_IDENTIFIER = kcvly.com.Kycomics;
				PRODUCT_NAME = "$(TARGET_NAME)";
			};
			name = Debug;
		};
		60E8CEE21F33141B003A86BA /* Release */ = {
			isa = XCBuildConfiguration;
			baseConfigurationReference = 1B2E4667FB73479A8820B88A /* Pods-Kycomics.release.xcconfig */;
			buildSettings = {
				ASSETCATALOG_COMPILER_APPICON_NAME = AppIcon;
				GCC_INCREASE_PRECOMPILED_HEADER_SHARING = NO;
				GCC_PREFIX_HEADER = "$(SRCROOT)/Kycomics/Kycomics_PrefixHeader.pch";
				INFOPLIST_FILE = Kycomics/Info.plist;
				IPHONEOS_DEPLOYMENT_TARGET = 8.0;
				LD_RUNPATH_SEARCH_PATHS = "$(inherited) @executable_path/Frameworks";
				PRODUCT_BUNDLE_IDENTIFIER = kcvly.com.Kycomics;
				PRODUCT_NAME = "$(TARGET_NAME)";
			};
			name = Release;
		};
/* End XCBuildConfiguration section */

/* Begin XCConfigurationList section */
		60E8CEC41F33141B003A86BA /* Build configuration list for PBXProject "Kycomics" */ = {
			isa = XCConfigurationList;
			buildConfigurations = (
				60E8CEDE1F33141B003A86BA /* Debug */,
				60E8CEDF1F33141B003A86BA /* Release */,
			);
			defaultConfigurationIsVisible = 0;
			defaultConfigurationName = Release;
		};
		60E8CEE01F33141B003A86BA /* Build configuration list for PBXNativeTarget "Kycomics" */ = {
			isa = XCConfigurationList;
			buildConfigurations = (
				60E8CEE11F33141B003A86BA /* Debug */,
				60E8CEE21F33141B003A86BA /* Release */,
			);
			defaultConfigurationIsVisible = 0;
			defaultConfigurationName = Release;
		};
/* End XCConfigurationList section */
	};
	rootObject = 60E8CEC11F33141B003A86BA /* Project object */;
}
